{
  "name": "keyscroll-docs",
  "version": "0.1.0",
  "lockfileVersion": 1,
  "requires": true,
  "dependencies": {
    "@smoovy/event": {
      "version": "0.1.2",
      "resolved": "https://registry.npmjs.org/@smoovy/event/-/event-0.1.2.tgz",
      "integrity": "sha512-GqJJIZukKb/wXxwPTk8q8LEGpVzcvgHP3IdDsPhBVlo8vJjP2XJ1bEQhAQG7FoVOAooO84nmz4lR2jeq4I47Uw==",
      "requires": {
        "tslib": "^1.9.3"
      }
    },
    "@smoovy/observer": {
      "version": "0.1.6",
      "resolved": "https://registry.npmjs.org/@smoovy/observer/-/observer-0.1.6.tgz",
      "integrity": "sha512-xsE2hk/404a0U+vTLijMMivlhLc0U+YAIAVmfv5DLeda1MFN1o2w6jZ6RIHERhoQ7bECLeh4piX16BgH4W/Z1w==",
      "requires": {
        "@smoovy/utils": "^0.1.12",
        "tslib": "^1.9.3"
      }
    },
    "@smoovy/scroller": {
      "version": "0.1.13",
      "resolved": "https://registry.npmjs.org/@smoovy/scroller/-/scroller-0.1.13.tgz",
      "integrity": "sha512-1oN3tr9lNVoFyckBKsrPdDSd+8ZnY458tBeJTB3eWa8OpVpkOgrlqwGtSxrb+jIJAk3zx6An21QEDuunFtuk9w==",
      "requires": {
        "@smoovy/event": "^0.1.2",
        "@smoovy/observer": "^0.1.6",
        "@smoovy/ticker": "^0.1.10",
        "@smoovy/tween": "^0.2.6",
        "@smoovy/utils": "^0.1.12",
        "tslib": "^1.9.3"
      }
    },
    "@smoovy/ticker": {
      "version": "0.1.10",
      "resolved": "https://registry.npmjs.org/@smoovy/ticker/-/ticker-0.1.10.tgz",
      "integrity": "sha512-spGrNNI8mHNCWuz1r6Xw+D3CwkFVR5oa9wLm/k+64xy9J8qFt23BdFjh82tuzHNKQDt/HPYO4KrvOxU1j6OdmA==",
      "requires": {
        "tslib": "^1.9.3"
      }
    },
    "@smoovy/tween": {
      "version": "0.2.6",
      "resolved": "https://registry.npmjs.org/@smoovy/tween/-/tween-0.2.6.tgz",
      "integrity": "sha512-6Gs21Sq/vi+BXGLx2zGC8VPlLX2SYzjOHqzM791mNmp7rAmgsHvNbGIrXUHo5FRIiMErrJVBPvc69uDgWZPxuQ==",
      "requires": {
        "@smoovy/ticker": "^0.1.10",
        "tslib": "^1.9.3"
      }
    },
    "@smoovy/utils": {
      "version": "0.1.12",
      "resolved": "https://registry.npmjs.org/@smoovy/utils/-/utils-0.1.12.tgz",
      "integrity": "sha512-HymNy01bIcT8uns4pDSxOesANMRIVML2E0dSpMsxXSuaD2sMfdnUg0QZwA95liiHy3sQgmoEv/iMBNdht9Jjrg==",
      "requires": {
        "tslib": "^1.9.3"
      }
    },
    "graceful-fs": {
      "version": "4.2.3",
      "resolved": "https://registry.npmjs.org/graceful-fs/-/graceful-fs-4.2.3.tgz",
      "integrity": "sha512-a30VEBm4PEdx1dRB7MFK7BejejvCvBronbLjht+sHuGYj8PHs7M/5Z+rt5lw551vZ7yfTCj4Vuyy3mSJytDWRQ==",
      "dev": true
    },
    "jsonfile": {
      "version": "4.0.0",
      "resolved": "https://registry.npmjs.org/jsonfile/-/jsonfile-4.0.0.tgz",
      "integrity": "sha1-h3Gq4HmbZAdrdmQPygWPnBDjPss=",
      "dev": true,
      "requires": {
        "graceful-fs": "^4.1.6"
      }
    },
    "rollup-plugin-generate-html-template": {
      "version": "1.6.1",
      "resolved": "https://registry.npmjs.org/rollup-plugin-generate-html-template/-/rollup-plugin-generate-html-template-1.6.1.tgz",
      "integrity": "sha512-y3fByHIEokUcu0k47//8OCKl7j4+pEA8/bkyEKYloo2yNjBYlxjCA/9Lx73tFP2NwgYdIXaSdN/gCn5oIdrLmA==",
      "dev": true,
      "requires": {
        "fs-extra": "^7.0.1"
      },
      "dependencies": {
        "fs-extra": {
          "version": "7.0.1",
          "resolved": "https://registry.npmjs.org/fs-extra/-/fs-extra-7.0.1.tgz",
          "integrity": "sha512-YJDaCJZEnBmcbw13fvdAM9AwNOJwOzrE4pqMqBq5nFiEqXUqHwlK4B+3pUw6JNvfSPtX05xFHtYy/1ni01eGCw==",
          "dev": true,
          "requires": {
            "graceful-fs": "^4.1.2",
            "jsonfile": "^4.0.0",
            "universalify": "^0.1.0"
          }
        }
      }
    },
    "tslib": {
      "version": "1.11.1",
      "resolved": "https://registry.npmjs.org/tslib/-/tslib-1.11.1.tgz",
      "integrity": "sha512-aZW88SY8kQbU7gpV19lN24LtXh/yD4ZZg6qieAJDDg+YBsJcSmLGK9QpnUjAKVG/xefmvJGd1WUmfpT/g6AJGA=="
    },
    "universalify": {
      "version": "0.1.2",
      "resolved": "https://registry.npmjs.org/universalify/-/universalify-0.1.2.tgz",
      "integrity": "sha512-rBJeI5CXAlmy1pV+617WB9J63U6XcazHHF2f2dbJix4XzpUF0RS3Zbj0FGIOCAva5P/d/GBOYaACQ1w+0azUkg==",
      "dev": true
    }
  }
}
