{
  "name": "keyscroll-ng",
  "version": "0.1.4",
  "lockfileVersion": 1,
  "requires": true,
  "dependencies": {
    "@angular/animations": {
      "version": "11.2.8",
      "resolved": "https://registry.npmjs.org/@angular/animations/-/animations-11.2.8.tgz",
      "integrity": "sha512-fYPXO8xgMYEpIc19o5B2f8U3BCmElQf4n/lIvVk9gky8CF5alSlClbbTe31orWDwGiqUnWkHWDZvCwi2C2Srvw==",
      "requires": {
        "tslib": "^2.0.0"
      },
      "dependencies": {
        "tslib": {
          "version": "2.1.0",
          "resolved": "https://registry.npmjs.org/tslib/-/tslib-2.1.0.tgz",
          "integrity": "sha512-hcVC3wYEziELGGmEEXue7D75zbwIIVUMWAVbHItGPx0ziyXxrOMQx4rQEVEV45Ut/1IotuEvwqPopzIOkDMf0A=="
        }
      }
    },
    "@angular/common": {
      "version": "11.2.8",
      "resolved": "https://registry.npmjs.org/@angular/common/-/common-11.2.8.tgz",
      "integrity": "sha512-li3UjvtrTf66hf75JBJsurPt6UTuICEpwDgtrTelbj76bvR78OCC3roLpYXy16QX/VTpJpjE8e4rKDXrgpFkDg==",
      "requires": {
        "tslib": "^2.0.0"
      },
      "dependencies": {
        "tslib": {
          "version": "2.1.0",
          "resolved": "https://registry.npmjs.org/tslib/-/tslib-2.1.0.tgz",
          "integrity": "sha512-hcVC3wYEziELGGmEEXue7D75zbwIIVUMWAVbHItGPx0ziyXxrOMQx4rQEVEV45Ut/1IotuEvwqPopzIOkDMf0A=="
        }
      }
    },
    "@angular/compiler": {
      "version": "11.2.8",
      "resolved": "https://registry.npmjs.org/@angular/compiler/-/compiler-11.2.8.tgz",
      "integrity": "sha512-m2BXvXfp286BZY7tvRLqszXTfs7szb41HhmEmuAIjfDIDSIk79pUAYB3A3RrgOTin9aeNVW397apyICNrvG8zA==",
      "requires": {
        "tslib": "^2.0.0"
      },
      "dependencies": {
        "tslib": {
          "version": "2.1.0",
          "resolved": "https://registry.npmjs.org/tslib/-/tslib-2.1.0.tgz",
          "integrity": "sha512-hcVC3wYEziELGGmEEXue7D75zbwIIVUMWAVbHItGPx0ziyXxrOMQx4rQEVEV45Ut/1IotuEvwqPopzIOkDMf0A=="
        }
      }
    },
    "@angular/core": {
      "version": "11.2.8",
      "resolved": "https://registry.npmjs.org/@angular/core/-/core-11.2.8.tgz",
      "integrity": "sha512-6Epm1gPy0V8nraQuzhLOmIGfpY230zAp2ETFIa2YOH/1sSRoU6Y7gpQ5My84nGq6Z6jaQ6oOThJl46IDUMx9sg==",
      "requires": {
        "tslib": "^2.0.0"
      },
      "dependencies": {
        "tslib": {
          "version": "2.1.0",
          "resolved": "https://registry.npmjs.org/tslib/-/tslib-2.1.0.tgz",
          "integrity": "sha512-hcVC3wYEziELGGmEEXue7D75zbwIIVUMWAVbHItGPx0ziyXxrOMQx4rQEVEV45Ut/1IotuEvwqPopzIOkDMf0A=="
        }
      }
    },
    "@angular/forms": {
      "version": "11.2.8",
      "resolved": "https://registry.npmjs.org/@angular/forms/-/forms-11.2.8.tgz",
      "integrity": "sha512-qAhLnSg65YIU+9+u0TE3L5SxwnD4DfQP5l94AMLBf52knNB02XPK3SpadaiYkdaQjl68F4Pn+akYWi26tdPUww==",
      "requires": {
        "tslib": "^2.0.0"
      },
      "dependencies": {
        "tslib": {
          "version": "2.1.0",
          "resolved": "https://registry.npmjs.org/tslib/-/tslib-2.1.0.tgz",
          "integrity": "sha512-hcVC3wYEziELGGmEEXue7D75zbwIIVUMWAVbHItGPx0ziyXxrOMQx4rQEVEV45Ut/1IotuEvwqPopzIOkDMf0A=="
        }
      }
    },
    "@angular/platform-browser": {
      "version": "11.2.8",
      "resolved": "https://registry.npmjs.org/@angular/platform-browser/-/platform-browser-11.2.8.tgz",
      "integrity": "sha512-bWYln8Jb7UM4Jnd51hB8X51EBb2puIIyDjhFoDvDg1e6rS0NCBCP/ZLys9zkjwhnAXwEEEFZc/XSaHvgaT1Nag==",
      "requires": {
        "tslib": "^2.0.0"
      },
      "dependencies": {
        "tslib": {
          "version": "2.1.0",
          "resolved": "https://registry.npmjs.org/tslib/-/tslib-2.1.0.tgz",
          "integrity": "sha512-hcVC3wYEziELGGmEEXue7D75zbwIIVUMWAVbHItGPx0ziyXxrOMQx4rQEVEV45Ut/1IotuEvwqPopzIOkDMf0A=="
        }
      }
    },
    "@angular/platform-browser-dynamic": {
      "version": "11.2.8",
      "resolved": "https://registry.npmjs.org/@angular/platform-browser-dynamic/-/platform-browser-dynamic-11.2.8.tgz",
      "integrity": "sha512-Ev49eFtBbvG9ENzoj5YGdlFI/d6FtCffpsMvl/qCbXt2GGnuSbJtZ+anjEWHjeMe6Q4eHud3sRsD7KO7xpn5BA==",
      "requires": {
        "tslib": "^2.0.0"
      },
      "dependencies": {
        "tslib": {
          "version": "2.1.0",
          "resolved": "https://registry.npmjs.org/tslib/-/tslib-2.1.0.tgz",
          "integrity": "sha512-hcVC3wYEziELGGmEEXue7D75zbwIIVUMWAVbHItGPx0ziyXxrOMQx4rQEVEV45Ut/1IotuEvwqPopzIOkDMf0A=="
        }
      }
    },
    "@angular/router": {
      "version": "11.2.8",
      "resolved": "https://registry.npmjs.org/@angular/router/-/router-11.2.8.tgz",
      "integrity": "sha512-HkHIe0yxRFXSOlotK6jN7kU0y7MU1I9R15ahxIe33bNDXM6ZQO3ZPiaulM+nxmu6lYjjFVfbUame0vs70R5mkA==",
      "requires": {
        "tslib": "^2.0.0"
      },
      "dependencies": {
        "tslib": {
          "version": "2.1.0",
          "resolved": "https://registry.npmjs.org/tslib/-/tslib-2.1.0.tgz",
          "integrity": "sha512-hcVC3wYEziELGGmEEXue7D75zbwIIVUMWAVbHItGPx0ziyXxrOMQx4rQEVEV45Ut/1IotuEvwqPopzIOkDMf0A=="
        }
      }
    },
    "@smoovy/event": {
      "version": "0.2.0",
      "resolved": "https://registry.npmjs.org/@smoovy/event/-/event-0.2.0.tgz",
      "integrity": "sha512-FPfXdCWT9AO8s16vBBFfmtmco2Lh4Ng7034QUKJgNnqodogedr3Qz5pLNOHcKKLWNow3deRmYdPluG9F9QKUtg==",
      "requires": {
        "tslib": "^1.9.3"
      }
    },
    "@smoovy/observer": {
      "version": "0.1.7",
      "resolved": "https://registry.npmjs.org/@smoovy/observer/-/observer-0.1.7.tgz",
      "integrity": "sha512-BS+IfjFto4dKatdsAJFs1JOnlvEW5JdRJiuRXnupUWj1NtNmCDgq6iZVgYGqsaAE50r1u1ccIW6bDOXlS60xOg==",
      "requires": {
        "@smoovy/utils": "^0.1.13",
        "tslib": "^1.9.3"
      }
    },
    "@smoovy/scroller": {
      "version": "0.1.15",
      "resolved": "https://registry.npmjs.org/@smoovy/scroller/-/scroller-0.1.15.tgz",
      "integrity": "sha512-2p/u6ngYS10H1XRvu5ttEiO0eyOLKeJANiKq3F2gJKOnTrge5wMmaKHmdmoeGanY+Z2xpodB4mRS9YAxPPGW7A==",
      "requires": {
        "@smoovy/event": "^0.2.0",
        "@smoovy/observer": "^0.1.7",
        "@smoovy/ticker": "^0.1.10",
        "@smoovy/tween": "^0.2.6",
        "@smoovy/utils": "^0.1.13",
        "tslib": "^1.9.3"
      }
    },
    "@smoovy/ticker": {
      "version": "0.1.10",
      "resolved": "https://registry.npmjs.org/@smoovy/ticker/-/ticker-0.1.10.tgz",
      "integrity": "sha512-spGrNNI8mHNCWuz1r6Xw+D3CwkFVR5oa9wLm/k+64xy9J8qFt23BdFjh82tuzHNKQDt/HPYO4KrvOxU1j6OdmA==",
      "requires": {
        "tslib": "^1.9.3"
      }
    },
    "@smoovy/tween": {
      "version": "0.2.6",
      "resolved": "https://registry.npmjs.org/@smoovy/tween/-/tween-0.2.6.tgz",
      "integrity": "sha512-6Gs21Sq/vi+BXGLx2zGC8VPlLX2SYzjOHqzM791mNmp7rAmgsHvNbGIrXUHo5FRIiMErrJVBPvc69uDgWZPxuQ==",
      "requires": {
        "@smoovy/ticker": "^0.1.10",
        "tslib": "^1.9.3"
      }
    },
    "@smoovy/utils": {
      "version": "0.1.13",
      "resolved": "https://registry.npmjs.org/@smoovy/utils/-/utils-0.1.13.tgz",
      "integrity": "sha512-wwYSGJWXWLzeiAKboINrKF2IN8jPrte00LJUZ+QRCzxN4cjiTHyhN558fUvxGEU0ENc9A0d9DS90Nqf5IR8j1A==",
      "requires": {
        "tslib": "^1.9.3"
      }
    },
    "highlight.js": {
      "version": "10.7.2",
      "resolved": "https://registry.npmjs.org/highlight.js/-/highlight.js-10.7.2.tgz",
      "integrity": "sha512-oFLl873u4usRM9K63j4ME9u3etNF0PLiJhSQ8rdfuL51Wn3zkD6drf9ZW0dOzjnZI22YYG24z30JcmfCZjMgYg=="
    },
    "highlightjs-line-numbers.js": {
      "version": "2.7.0",
      "resolved": "https://registry.npmjs.org/highlightjs-line-numbers.js/-/highlightjs-line-numbers.js-2.7.0.tgz",
      "integrity": "sha512-2kgZkfGy3TB6rF1o1XJtUThDyraLAFd6iiAIE1MEH89om8VwyHsal6BBnIOP2yOuq2TCuuGd0YD6aGHa6iq3/g=="
    },
    "keyscroll": {
      "version": "file:../keyscroll"
    },
    "ngx-highlightjs": {
      "version": "4.1.0-beta",
      "resolved": "https://registry.npmjs.org/ngx-highlightjs/-/ngx-highlightjs-4.1.0-beta.tgz",
      "integrity": "sha512-1eyiHjaFadFZpA9kGFRATccdQiB1ERgkOxmAIMFPZzN398FuCN0nrpPezECvdR7Gqlbd9OeSJHzehS20DLVy7A==",
      "requires": {
        "highlight.js": "*",
        "highlightjs-line-numbers.js": "*"
      }
    },
    "rxjs": {
      "version": "6.6.7",
      "resolved": "https://registry.npmjs.org/rxjs/-/rxjs-6.6.7.tgz",
      "integrity": "sha512-hTdwr+7yYNIT5n4AMYp85KA6yw2Va0FLa3Rguvbpa4W3I5xynaBZo41cM3XM+4Q6fRMj3sBYIR1VAmZMXYJvRQ==",
      "requires": {
        "tslib": "^1.9.0"
      }
    },
    "tslib": {
      "version": "1.11.2",
      "resolved": "https://registry.npmjs.org/tslib/-/tslib-1.11.2.tgz",
      "integrity": "sha512-tTSkux6IGPnUGUd1XAZHcpu85MOkIl5zX49pO+jfsie3eP0B6pyhOlLXm3cAC6T7s+euSDDUUV+Acop5WmtkVg=="
    },
    "zone.js": {
      "version": "0.10.3",
      "resolved": "https://registry.npmjs.org/zone.js/-/zone.js-0.10.3.tgz",
      "integrity": "sha512-LXVLVEq0NNOqK/fLJo3d0kfzd4sxwn2/h67/02pjCjfKDxgx1i9QqpvtHD8CrBnSSwMw5+dy11O7FRX5mkO7Cg=="
    }
  }
}
